
Microsoft Visual Studio Solution File, Format Version 12.00
# Visual Studio 15
VisualStudioVersion = 15.0.27130.2003
MinimumVisualStudioVersion = 10.0.40219.1
Project("{9A19103F-16F7-4668-BE54-9A1E7A4F7556}") = "TravelAgency.Data", "TravelAgency.Data\TravelAgency.Data.csproj", "{A5379F06-CB93-4B2F-A94E-FAC124252847}"
EndProject
Project("{9A19103F-16F7-4668-BE54-9A1E7A4F7556}") = "TravelAgency.Web", "TravelAgency.Web\TravelAgency.Web.csproj", "{2C38E748-8A29-4D05-8EF3-AAAD1B38B8F1}"
EndProject
Project("{FAE04EC0-301F-11D3-BF4B-00C04F79EFBC}") = "TravelAgency.Common", "TravelAgency.Common\TravelAgency.Common.csproj", "{F79C6BF4-A47F-450B-B474-A7C1477C1267}"
EndProject
Global
	GlobalSection(SolutionConfigurationPlatforms) = preSolution
		Debug|Any CPU = Debug|Any CPU
		Release|Any CPU = Release|Any CPU
	EndGlobalSection
	GlobalSection(ProjectConfigurationPlatforms) = postSolution
		{A5379F06-CB93-4B2F-A94E-FAC124252847}.Debug|Any CPU.ActiveCfg = Debug|Any CPU
		{A5379F06-CB93-4B2F-A94E-FAC124252847}.Debug|Any CPU.Build.0 = Debug|Any CPU
		{A5379F06-CB93-4B2F-A94E-FAC124252847}.Release|Any CPU.ActiveCfg = Release|Any CPU
		{A5379F06-CB93-4B2F-A94E-FAC124252847}.Release|Any CPU.Build.0 = Release|Any CPU
		{2C38E748-8A29-4D05-8EF3-AAAD1B38B8F1}.Debug|Any CPU.ActiveCfg = Debug|Any CPU
		{2C38E748-8A29-4D05-8EF3-AAAD1B38B8F1}.Debug|Any CPU.Build.0 = Debug|Any CPU
		{2C38E748-8A29-4D05-8EF3-AAAD1B38B8F1}.Release|Any CPU.ActiveCfg = Release|Any CPU
		{2C38E748-8A29-4D05-8EF3-AAAD1B38B8F1}.Release|Any CPU.Build.0 = Release|Any CPU
		{F79C6BF4-A47F-450B-B474-A7C1477C1267}.Debug|Any CPU.ActiveCfg = Debug|Any CPU
		{F79C6BF4-A47F-450B-B474-A7C1477C1267}.Debug|Any CPU.Build.0 = Debug|Any CPU
		{F79C6BF4-A47F-450B-B474-A7C1477C1267}.Release|Any CPU.ActiveCfg = Release|Any CPU
		{F79C6BF4-A47F-450B-B474-A7C1477C1267}.Release|Any CPU.Build.0 = Release|Any CPU
	EndGlobalSection
	GlobalSection(SolutionProperties) = preSolution
		HideSolutionNode = FALSE
	EndGlobalSection
	GlobalSection(ExtensibilityGlobals) = postSolution
		SolutionGuid = {7B086822-DC2A-4E1A-9153-26AA60A8EF3C}
	EndGlobalSection
EndGlobal
